
Microsoft Visual Studio Solution File, Format Version 12.00
# Visual Studio 15
VisualStudioVersion = 15.0.28307.1525
MinimumVisualStudioVersion = 10.0.40219.1
Project("{FAE04EC0-301F-11D3-BF4B-00C04F79EFBC}") = "ClickBoxesGame", "ClickBoxesGame.csproj", "{2BCF59A1-87E2-4155-82C1-0E7EA0BB2024}"
EndProject
Global
	GlobalSection(SolutionConfigurationPlatforms) = preSolution
		Debug|Any CPU = Debug|Any CPU
		Release|Any CPU = Release|Any CPU
	EndGlobalSection
	GlobalSection(ProjectConfigurationPlatforms) = postSolution
		{2BCF59A1-87E2-4155-82C1-0E7EA0BB2024}.Debug|Any CPU.ActiveCfg = Debug|Any CPU
		{2BCF59A1-87E2-4155-82C1-0E7EA0BB2024}.Debug|Any CPU.Build.0 = Debug|Any CPU
		{2BCF59A1-87E2-4155-82C1-0E7EA0BB2024}.Release|Any CPU.ActiveCfg = Release|Any CPU
		{2BCF59A1-87E2-4155-82C1-0E7EA0BB2024}.Release|Any CPU.Build.0 = Release|Any CPU
	EndGlobalSection
	GlobalSection(SolutionProperties) = preSolution
		HideSolutionNode = FALSE
	EndGlobalSection
	GlobalSection(ExtensibilityGlobals) = postSolution
		SolutionGuid = {8A48AB6E-BD7D-4D5A-931F-24ADD2D13948}
	EndGlobalSection
EndGlobal
